
Microsoft Visual Studio Solution File, Format Version 12.00
# Visual Studio 15
VisualStudioVersion = 15.0.27130.2036
MinimumVisualStudioVersion = 10.0.40219.1
Project("{FAE04EC0-301F-11D3-BF4B-00C04F79EFBC}") = "ProductsTest.Android", "ProductsTest\ProductsTest.Android\ProductsTest.Android.csproj", "{786D7F0C-0613-4CD9-84B1-BE570CDA65C9}"
EndProject
Project("{FAE04EC0-301F-11D3-BF4B-00C04F79EFBC}") = "ProductsTest", "ProductsTest\ProductsTest\ProductsTest.csproj", "{7987D2FC-A876-4B48-B061-BD5C5EB35CA6}"
EndProject
Project("{FAE04EC0-301F-11D3-BF4B-00C04F79EFBC}") = "ProductsTest.iOS", "ProductsTest\ProductsTest.iOS\ProductsTest.iOS.csproj", "{E1A839B5-4B60-4CC5-B595-A92ECB6CE207}"
EndProject
Project("{FAE04EC0-301F-11D3-BF4B-00C04F79EFBC}") = "ProductsTest.Domain", "ProductsTest.Domain\ProductsTest.Domain.csproj", "{98AE3103-A9D2-4BBC-81BD-11ECAE2ECFD2}"
EndProject
Project("{FAE04EC0-301F-11D3-BF4B-00C04F79EFBC}") = "ProductsTest.BackEnd", "ProductsTest.BackEnd\ProductsTest.BackEnd.csproj", "{73A62649-D527-4B57-AC82-F8519242F781}"
EndProject
Project("{FAE04EC0-301F-11D3-BF4B-00C04F79EFBC}") = "ProductsTest.API", "ProductsTest.API\ProductsTest.API.csproj", "{10EF5640-6D15-4A68-B9D8-80BAEB319818}"
EndProject
Global
	GlobalSection(SolutionConfigurationPlatforms) = preSolution
		Ad-Hoc|Any CPU = Ad-Hoc|Any CPU
		Ad-Hoc|ARM = Ad-Hoc|ARM
		Ad-Hoc|iPhone = Ad-Hoc|iPhone
		Ad-Hoc|iPhoneSimulator = Ad-Hoc|iPhoneSimulator
		Ad-Hoc|x64 = Ad-Hoc|x64
		Ad-Hoc|x86 = Ad-Hoc|x86
		AppStore|Any CPU = AppStore|Any CPU
		AppStore|ARM = AppStore|ARM
		AppStore|iPhone = AppStore|iPhone
		AppStore|iPhoneSimulator = AppStore|iPhoneSimulator
		AppStore|x64 = AppStore|x64
		AppStore|x86 = AppStore|x86
		Debug|Any CPU = Debug|Any CPU
		Debug|ARM = Debug|ARM
		Debug|iPhone = Debug|iPhone
		Debug|iPhoneSimulator = Debug|iPhoneSimulator
		Debug|x64 = Debug|x64
		Debug|x86 = Debug|x86
		Release|Any CPU = Release|Any CPU
		Release|ARM = Release|ARM
		Release|iPhone = Release|iPhone
		Release|iPhoneSimulator = Release|iPhoneSimulator
		Release|x64 = Release|x64
		Release|x86 = Release|x86
	EndGlobalSection
	GlobalSection(ProjectConfigurationPlatforms) = postSolution
		{786D7F0C-0613-4CD9-84B1-BE570CDA65C9}.Ad-Hoc|Any CPU.ActiveCfg = Release|Any CPU
		{786D7F0C-0613-4CD9-84B1-BE570CDA65C9}.Ad-Hoc|Any CPU.Build.0 = Release|Any CPU
		{786D7F0C-0613-4CD9-84B1-BE570CDA65C9}.Ad-Hoc|Any CPU.Deploy.0 = Release|Any CPU
		{786D7F0C-0613-4CD9-84B1-BE570CDA65C9}.Ad-Hoc|ARM.ActiveCfg = Release|Any CPU
		{786D7F0C-0613-4CD9-84B1-BE570CDA65C9}.Ad-Hoc|ARM.Build.0 = Release|Any CPU
		{786D7F0C-0613-4CD9-84B1-BE570CDA65C9}.Ad-Hoc|ARM.Deploy.0 = Release|Any CPU
		{786D7F0C-0613-4CD9-84B1-BE570CDA65C9}.Ad-Hoc|iPhone.ActiveCfg = Release|Any CPU
		{786D7F0C-0613-4CD9-84B1-BE570CDA65C9}.Ad-Hoc|iPhone.Build.0 = Release|Any CPU
		{786D7F0C-0613-4CD9-84B1-BE570CDA65C9}.Ad-Hoc|iPhone.Deploy.0 = Release|Any CPU
		{786D7F0C-0613-4CD9-84B1-BE570CDA65C9}.Ad-Hoc|iPhoneSimulator.ActiveCfg = Release|Any CPU
		{786D7F0C-0613-4CD9-84B1-BE570CDA65C9}.Ad-Hoc|iPhoneSimulator.Build.0 = Release|Any CPU
		{786D7F0C-0613-4CD9-84B1-BE570CDA65C9}.Ad-Hoc|iPhoneSimulator.Deploy.0 = Release|Any CPU
		{786D7F0C-0613-4CD9-84B1-BE570CDA65C9}.Ad-Hoc|x64.ActiveCfg = Release|Any CPU
		{786D7F0C-0613-4CD9-84B1-BE570CDA65C9}.Ad-Hoc|x64.Build.0 = Release|Any CPU
		{786D7F0C-0613-4CD9-84B1-BE570CDA65C9}.Ad-Hoc|x64.Deploy.0 = Release|Any CPU
		{786D7F0C-0613-4CD9-84B1-BE570CDA65C9}.Ad-Hoc|x86.ActiveCfg = Release|Any CPU
		{786D7F0C-0613-4CD9-84B1-BE570CDA65C9}.Ad-Hoc|x86.Build.0 = Release|Any CPU
		{786D7F0C-0613-4CD9-84B1-BE570CDA65C9}.Ad-Hoc|x86.Deploy.0 = Release|Any CPU
		{786D7F0C-0613-4CD9-84B1-BE570CDA65C9}.AppStore|Any CPU.ActiveCfg = Release|Any CPU
		{786D7F0C-0613-4CD9-84B1-BE570CDA65C9}.AppStore|Any CPU.Build.0 = Release|Any CPU
		{786D7F0C-0613-4CD9-84B1-BE570CDA65C9}.AppStore|Any CPU.Deploy.0 = Release|Any CPU
		{786D7F0C-0613-4CD9-84B1-BE570CDA65C9}.AppStore|ARM.ActiveCfg = Release|Any CPU
		{786D7F0C-0613-4CD9-84B1-BE570CDA65C9}.AppStore|ARM.Build.0 = Release|Any CPU
		{786D7F0C-0613-4CD9-84B1-BE570CDA65C9}.AppStore|ARM.Deploy.0 = Release|Any CPU
		{786D7F0C-0613-4CD9-84B1-BE570CDA65C9}.AppStore|iPhone.ActiveCfg = Release|Any CPU
		{786D7F0C-0613-4CD9-84B1-BE570CDA65C9}.AppStore|iPhone.Build.0 = Release|Any CPU
		{786D7F0C-0613-4CD9-84B1-BE570CDA65C9}.AppStore|iPhone.Deploy.0 = Release|Any CPU
		{786D7F0C-0613-4CD9-84B1-BE570CDA65C9}.AppStore|iPhoneSimulator.ActiveCfg = Release|Any CPU
		{786D7F0C-0613-4CD9-84B1-BE570CDA65C9}.AppStore|iPhoneSimulator.Build.0 = Release|Any CPU
		{786D7F0C-0613-4CD9-84B1-BE570CDA65C9}.AppStore|iPhoneSimulator.Deploy.0 = Release|Any CPU
		{786D7F0C-0613-4CD9-84B1-BE570CDA65C9}.AppStore|x64.ActiveCfg = Release|Any CPU
		{786D7F0C-0613-4CD9-84B1-BE570CDA65C9}.AppStore|x64.Build.0 = Release|Any CPU
		{786D7F0C-0613-4CD9-84B1-BE570CDA65C9}.AppStore|x64.Deploy.0 = Release|Any CPU
		{786D7F0C-0613-4CD9-84B1-BE570CDA65C9}.AppStore|x86.ActiveCfg = Release|Any CPU
		{786D7F0C-0613-4CD9-84B1-BE570CDA65C9}.AppStore|x86.Build.0 = Release|Any CPU
		{786D7F0C-0613-4CD9-84B1-BE570CDA65C9}.AppStore|x86.Deploy.0 = Release|Any CPU
		{786D7F0C-0613-4CD9-84B1-BE570CDA65C9}.Debug|Any CPU.ActiveCfg = Debug|Any CPU
		{786D7F0C-0613-4CD9-84B1-BE570CDA65C9}.Debug|Any CPU.Build.0 = Debug|Any CPU
		{786D7F0C-0613-4CD9-84B1-BE570CDA65C9}.Debug|Any CPU.Deploy.0 = Debug|Any CPU
		{786D7F0C-0613-4CD9-84B1-BE570CDA65C9}.Debug|ARM.ActiveCfg = Debug|Any CPU
		{786D7F0C-0613-4CD9-84B1-BE570CDA65C9}.Debug|ARM.Build.0 = Debug|Any CPU
		{786D7F0C-0613-4CD9-84B1-BE570CDA65C9}.Debug|ARM.Deploy.0 = Debug|Any CPU
		{786D7F0C-0613-4CD9-84B1-BE570CDA65C9}.Debug|iPhone.ActiveCfg = Debug|Any CPU
		{786D7F0C-0613-4CD9-84B1-BE570CDA65C9}.Debug|iPhone.Build.0 = Debug|Any CPU
		{786D7F0C-0613-4CD9-84B1-BE570CDA65C9}.Debug|iPhone.Deploy.0 = Debug|Any CPU
		{786D7F0C-0613-4CD9-84B1-BE570CDA65C9}.Debug|iPhoneSimulator.ActiveCfg = Debug|Any CPU
		{786D7F0C-0613-4CD9-84B1-BE570CDA65C9}.Debug|iPhoneSimulator.Build.0 = Debug|Any CPU
		{786D7F0C-0613-4CD9-84B1-BE570CDA65C9}.Debug|iPhoneSimulator.Deploy.0 = Debug|Any CPU
		{786D7F0C-0613-4CD9-84B1-BE570CDA65C9}.Debug|x64.ActiveCfg = Debug|Any CPU
		{786D7F0C-0613-4CD9-84B1-BE570CDA65C9}.Debug|x64.Build.0 = Debug|Any CPU
		{786D7F0C-0613-4CD9-84B1-BE570CDA65C9}.Debug|x64.Deploy.0 = Debug|Any CPU
		{786D7F0C-0613-4CD9-84B1-BE570CDA65C9}.Debug|x86.ActiveCfg = Debug|Any CPU
		{786D7F0C-0613-4CD9-84B1-BE570CDA65C9}.Debug|x86.Build.0 = Debug|Any CPU
		{786D7F0C-0613-4CD9-84B1-BE570CDA65C9}.Debug|x86.Deploy.0 = Debug|Any CPU
		{786D7F0C-0613-4CD9-84B1-BE570CDA65C9}.Release|Any CPU.ActiveCfg = Release|Any CPU
		{786D7F0C-0613-4CD9-84B1-BE570CDA65C9}.Release|Any CPU.Build.0 = Release|Any CPU
		{786D7F0C-0613-4CD9-84B1-BE570CDA65C9}.Release|Any CPU.Deploy.0 = Release|Any CPU
		{786D7F0C-0613-4CD9-84B1-BE570CDA65C9}.Release|ARM.ActiveCfg = Release|Any CPU
		{786D7F0C-0613-4CD9-84B1-BE570CDA65C9}.Release|ARM.Build.0 = Release|Any CPU
		{786D7F0C-0613-4CD9-84B1-BE570CDA65C9}.Release|ARM.Deploy.0 = Release|Any CPU
		{786D7F0C-0613-4CD9-84B1-BE570CDA65C9}.Release|iPhone.ActiveCfg = Release|Any CPU
		{786D7F0C-0613-4CD9-84B1-BE570CDA65C9}.Release|iPhone.Build.0 = Release|Any CPU
		{786D7F0C-0613-4CD9-84B1-BE570CDA65C9}.Release|iPhone.Deploy.0 = Release|Any CPU
		{786D7F0C-0613-4CD9-84B1-BE570CDA65C9}.Release|iPhoneSimulator.ActiveCfg = Release|Any CPU
		{786D7F0C-0613-4CD9-84B1-BE570CDA65C9}.Release|iPhoneSimulator.Build.0 = Release|Any CPU
		{786D7F0C-0613-4CD9-84B1-BE570CDA65C9}.Release|iPhoneSimulator.Deploy.0 = Release|Any CPU
		{786D7F0C-0613-4CD9-84B1-BE570CDA65C9}.Release|x64.ActiveCfg = Release|Any CPU
		{786D7F0C-0613-4CD9-84B1-BE570CDA65C9}.Release|x64.Build.0 = Release|Any CPU
		{786D7F0C-0613-4CD9-84B1-BE570CDA65C9}.Release|x64.Deploy.0 = Release|Any CPU
		{786D7F0C-0613-4CD9-84B1-BE570CDA65C9}.Release|x86.ActiveCfg = Release|Any CPU
		{786D7F0C-0613-4CD9-84B1-BE570CDA65C9}.Release|x86.Build.0 = Release|Any CPU
		{786D7F0C-0613-4CD9-84B1-BE570CDA65C9}.Release|x86.Deploy.0 = Release|Any CPU
		{7987D2FC-A876-4B48-B061-BD5C5EB35CA6}.Ad-Hoc|Any CPU.ActiveCfg = Release|Any CPU
		{7987D2FC-A876-4B48-B061-BD5C5EB35CA6}.Ad-Hoc|Any CPU.Build.0 = Release|Any CPU
		{7987D2FC-A876-4B48-B061-BD5C5EB35CA6}.Ad-Hoc|ARM.ActiveCfg = Release|Any CPU
		{7987D2FC-A876-4B48-B061-BD5C5EB35CA6}.Ad-Hoc|ARM.Build.0 = Release|Any CPU
		{7987D2FC-A876-4B48-B061-BD5C5EB35CA6}.Ad-Hoc|iPhone.ActiveCfg = Release|Any CPU
		{7987D2FC-A876-4B48-B061-BD5C5EB35CA6}.Ad-Hoc|iPhone.Build.0 = Release|Any CPU
		{7987D2FC-A876-4B48-B061-BD5C5EB35CA6}.Ad-Hoc|iPhoneSimulator.ActiveCfg = Release|Any CPU
		{7987D2FC-A876-4B48-B061-BD5C5EB35CA6}.Ad-Hoc|iPhoneSimulator.Build.0 = Release|Any CPU
		{7987D2FC-A876-4B48-B061-BD5C5EB35CA6}.Ad-Hoc|x64.ActiveCfg = Release|Any CPU
		{7987D2FC-A876-4B48-B061-BD5C5EB35CA6}.Ad-Hoc|x64.Build.0 = Release|Any CPU
		{7987D2FC-A876-4B48-B061-BD5C5EB35CA6}.Ad-Hoc|x86.ActiveCfg = Release|Any CPU
		{7987D2FC-A876-4B48-B061-BD5C5EB35CA6}.Ad-Hoc|x86.Build.0 = Release|Any CPU
		{7987D2FC-A876-4B48-B061-BD5C5EB35CA6}.AppStore|Any CPU.ActiveCfg = Release|Any CPU
		{7987D2FC-A876-4B48-B061-BD5C5EB35CA6}.AppStore|Any CPU.Build.0 = Release|Any CPU
		{7987D2FC-A876-4B48-B061-BD5C5EB35CA6}.AppStore|ARM.ActiveCfg = Release|Any CPU
		{7987D2FC-A876-4B48-B061-BD5C5EB35CA6}.AppStore|ARM.Build.0 = Release|Any CPU
		{7987D2FC-A876-4B48-B061-BD5C5EB35CA6}.AppStore|iPhone.ActiveCfg = Release|Any CPU
		{7987D2FC-A876-4B48-B061-BD5C5EB35CA6}.AppStore|iPhone.Build.0 = Release|Any CPU
		{7987D2FC-A876-4B48-B061-BD5C5EB35CA6}.AppStore|iPhoneSimulator.ActiveCfg = Release|Any CPU
		{7987D2FC-A876-4B48-B061-BD5C5EB35CA6}.AppStore|iPhoneSimulator.Build.0 = Release|Any CPU
		{7987D2FC-A876-4B48-B061-BD5C5EB35CA6}.AppStore|x64.ActiveCfg = Release|Any CPU
		{7987D2FC-A876-4B48-B061-BD5C5EB35CA6}.AppStore|x64.Build.0 = Release|Any CPU
		{7987D2FC-A876-4B48-B061-BD5C5EB35CA6}.AppStore|x86.ActiveCfg = Release|Any CPU
		{7987D2FC-A876-4B48-B061-BD5C5EB35CA6}.AppStore|x86.Build.0 = Release|Any CPU
		{7987D2FC-A876-4B48-B061-BD5C5EB35CA6}.Debug|Any CPU.ActiveCfg = Debug|Any CPU
		{7987D2FC-A876-4B48-B061-BD5C5EB35CA6}.Debug|Any CPU.Build.0 = Debug|Any CPU
		{7987D2FC-A876-4B48-B061-BD5C5EB35CA6}.Debug|ARM.ActiveCfg = Debug|Any CPU
		{7987D2FC-A876-4B48-B061-BD5C5EB35CA6}.Debug|ARM.Build.0 = Debug|Any CPU
		{7987D2FC-A876-4B48-B061-BD5C5EB35CA6}.Debug|iPhone.ActiveCfg = Debug|Any CPU
		{7987D2FC-A876-4B48-B061-BD5C5EB35CA6}.Debug|iPhone.Build.0 = Debug|Any CPU
		{7987D2FC-A876-4B48-B061-BD5C5EB35CA6}.Debug|iPhoneSimulator.ActiveCfg = Debug|Any CPU
		{7987D2FC-A876-4B48-B061-BD5C5EB35CA6}.Debug|iPhoneSimulator.Build.0 = Debug|Any CPU
		{7987D2FC-A876-4B48-B061-BD5C5EB35CA6}.Debug|x64.ActiveCfg = Debug|Any CPU
		{7987D2FC-A876-4B48-B061-BD5C5EB35CA6}.Debug|x64.Build.0 = Debug|Any CPU
		{7987D2FC-A876-4B48-B061-BD5C5EB35CA6}.Debug|x86.ActiveCfg = Debug|Any CPU
		{7987D2FC-A876-4B48-B061-BD5C5EB35CA6}.Debug|x86.Build.0 = Debug|Any CPU
		{7987D2FC-A876-4B48-B061-BD5C5EB35CA6}.Release|Any CPU.ActiveCfg = Release|Any CPU
		{7987D2FC-A876-4B48-B061-BD5C5EB35CA6}.Release|Any CPU.Build.0 = Release|Any CPU
		{7987D2FC-A876-4B48-B061-BD5C5EB35CA6}.Release|ARM.ActiveCfg = Release|Any CPU
		{7987D2FC-A876-4B48-B061-BD5C5EB35CA6}.Release|ARM.Build.0 = Release|Any CPU
		{7987D2FC-A876-4B48-B061-BD5C5EB35CA6}.Release|iPhone.ActiveCfg = Release|Any CPU
		{7987D2FC-A876-4B48-B061-BD5C5EB35CA6}.Release|iPhone.Build.0 = Release|Any CPU
		{7987D2FC-A876-4B48-B061-BD5C5EB35CA6}.Release|iPhoneSimulator.ActiveCfg = Release|Any CPU
		{7987D2FC-A876-4B48-B061-BD5C5EB35CA6}.Release|iPhoneSimulator.Build.0 = Release|Any CPU
		{7987D2FC-A876-4B48-B061-BD5C5EB35CA6}.Release|x64.ActiveCfg = Release|Any CPU
		{7987D2FC-A876-4B48-B061-BD5C5EB35CA6}.Release|x64.Build.0 = Release|Any CPU
		{7987D2FC-A876-4B48-B061-BD5C5EB35CA6}.Release|x86.ActiveCfg = Release|Any CPU
		{7987D2FC-A876-4B48-B061-BD5C5EB35CA6}.Release|x86.Build.0 = Release|Any CPU
		{E1A839B5-4B60-4CC5-B595-A92ECB6CE207}.Ad-Hoc|Any CPU.ActiveCfg = Ad-Hoc|iPhone
		{E1A839B5-4B60-4CC5-B595-A92ECB6CE207}.Ad-Hoc|ARM.ActiveCfg = Ad-Hoc|iPhone
		{E1A839B5-4B60-4CC5-B595-A92ECB6CE207}.Ad-Hoc|iPhone.ActiveCfg = Ad-Hoc|iPhone
		{E1A839B5-4B60-4CC5-B595-A92ECB6CE207}.Ad-Hoc|iPhone.Build.0 = Ad-Hoc|iPhone
		{E1A839B5-4B60-4CC5-B595-A92ECB6CE207}.Ad-Hoc|iPhoneSimulator.ActiveCfg = Ad-Hoc|iPhoneSimulator
		{E1A839B5-4B60-4CC5-B595-A92ECB6CE207}.Ad-Hoc|iPhoneSimulator.Build.0 = Ad-Hoc|iPhoneSimulator
		{E1A839B5-4B60-4CC5-B595-A92ECB6CE207}.Ad-Hoc|x64.ActiveCfg = Ad-Hoc|iPhone
		{E1A839B5-4B60-4CC5-B595-A92ECB6CE207}.Ad-Hoc|x86.ActiveCfg = Ad-Hoc|iPhone
		{E1A839B5-4B60-4CC5-B595-A92ECB6CE207}.AppStore|Any CPU.ActiveCfg = AppStore|iPhone
		{E1A839B5-4B60-4CC5-B595-A92ECB6CE207}.AppStore|ARM.ActiveCfg = AppStore|iPhone
		{E1A839B5-4B60-4CC5-B595-A92ECB6CE207}.AppStore|iPhone.ActiveCfg = AppStore|iPhone
		{E1A839B5-4B60-4CC5-B595-A92ECB6CE207}.AppStore|iPhone.Build.0 = AppStore|iPhone
		{E1A839B5-4B60-4CC5-B595-A92ECB6CE207}.AppStore|iPhoneSimulator.ActiveCfg = AppStore|iPhoneSimulator
		{E1A839B5-4B60-4CC5-B595-A92ECB6CE207}.AppStore|iPhoneSimulator.Build.0 = AppStore|iPhoneSimulator
		{E1A839B5-4B60-4CC5-B595-A92ECB6CE207}.AppStore|x64.ActiveCfg = AppStore|iPhone
		{E1A839B5-4B60-4CC5-B595-A92ECB6CE207}.AppStore|x86.ActiveCfg = AppStore|iPhone
		{E1A839B5-4B60-4CC5-B595-A92ECB6CE207}.Debug|Any CPU.ActiveCfg = Debug|iPhone
		{E1A839B5-4B60-4CC5-B595-A92ECB6CE207}.Debug|ARM.ActiveCfg = Debug|iPhone
		{E1A839B5-4B60-4CC5-B595-A92ECB6CE207}.Debug|iPhone.ActiveCfg = Debug|iPhone
		{E1A839B5-4B60-4CC5-B595-A92ECB6CE207}.Debug|iPhone.Build.0 = Debug|iPhone
		{E1A839B5-4B60-4CC5-B595-A92ECB6CE207}.Debug|iPhoneSimulator.ActiveCfg = Debug|iPhoneSimulator
		{E1A839B5-4B60-4CC5-B595-A92ECB6CE207}.Debug|iPhoneSimulator.Build.0 = Debug|iPhoneSimulator
		{E1A839B5-4B60-4CC5-B595-A92ECB6CE207}.Debug|x64.ActiveCfg = Debug|iPhone
		{E1A839B5-4B60-4CC5-B595-A92ECB6CE207}.Debug|x86.ActiveCfg = Debug|iPhone
		{E1A839B5-4B60-4CC5-B595-A92ECB6CE207}.Release|Any CPU.ActiveCfg = Release|iPhone
		{E1A839B5-4B60-4CC5-B595-A92ECB6CE207}.Release|ARM.ActiveCfg = Release|iPhone
		{E1A839B5-4B60-4CC5-B595-A92ECB6CE207}.Release|iPhone.ActiveCfg = Release|iPhone
		{E1A839B5-4B60-4CC5-B595-A92ECB6CE207}.Release|iPhone.Build.0 = Release|iPhone
		{E1A839B5-4B60-4CC5-B595-A92ECB6CE207}.Release|iPhoneSimulator.ActiveCfg = Release|iPhoneSimulator
		{E1A839B5-4B60-4CC5-B595-A92ECB6CE207}.Release|iPhoneSimulator.Build.0 = Release|iPhoneSimulator
		{E1A839B5-4B60-4CC5-B595-A92ECB6CE207}.Release|x64.ActiveCfg = Release|iPhone
		{E1A839B5-4B60-4CC5-B595-A92ECB6CE207}.Release|x86.ActiveCfg = Release|iPhone
		{98AE3103-A9D2-4BBC-81BD-11ECAE2ECFD2}.Ad-Hoc|Any CPU.ActiveCfg = Release|Any CPU
		{98AE3103-A9D2-4BBC-81BD-11ECAE2ECFD2}.Ad-Hoc|Any CPU.Build.0 = Release|Any CPU
		{98AE3103-A9D2-4BBC-81BD-11ECAE2ECFD2}.Ad-Hoc|ARM.ActiveCfg = Release|Any CPU
		{98AE3103-A9D2-4BBC-81BD-11ECAE2ECFD2}.Ad-Hoc|ARM.Build.0 = Release|Any CPU
		{98AE3103-A9D2-4BBC-81BD-11ECAE2ECFD2}.Ad-Hoc|iPhone.ActiveCfg = Release|Any CPU
		{98AE3103-A9D2-4BBC-81BD-11ECAE2ECFD2}.Ad-Hoc|iPhone.Build.0 = Release|Any CPU
		{98AE3103-A9D2-4BBC-81BD-11ECAE2ECFD2}.Ad-Hoc|iPhoneSimulator.ActiveCfg = Release|Any CPU
		{98AE3103-A9D2-4BBC-81BD-11ECAE2ECFD2}.Ad-Hoc|iPhoneSimulator.Build.0 = Release|Any CPU
		{98AE3103-A9D2-4BBC-81BD-11ECAE2ECFD2}.Ad-Hoc|x64.ActiveCfg = Release|Any CPU
		{98AE3103-A9D2-4BBC-81BD-11ECAE2ECFD2}.Ad-Hoc|x64.Build.0 = Release|Any CPU
		{98AE3103-A9D2-4BBC-81BD-11ECAE2ECFD2}.Ad-Hoc|x86.ActiveCfg = Release|Any CPU
		{98AE3103-A9D2-4BBC-81BD-11ECAE2ECFD2}.Ad-Hoc|x86.Build.0 = Release|Any CPU
		{98AE3103-A9D2-4BBC-81BD-11ECAE2ECFD2}.AppStore|Any CPU.ActiveCfg = Release|Any CPU
		{98AE3103-A9D2-4BBC-81BD-11ECAE2ECFD2}.AppStore|Any CPU.Build.0 = Release|Any CPU
		{98AE3103-A9D2-4BBC-81BD-11ECAE2ECFD2}.AppStore|ARM.ActiveCfg = Release|Any CPU
		{98AE3103-A9D2-4BBC-81BD-11ECAE2ECFD2}.AppStore|ARM.Build.0 = Release|Any CPU
		{98AE3103-A9D2-4BBC-81BD-11ECAE2ECFD2}.AppStore|iPhone.ActiveCfg = Release|Any CPU
		{98AE3103-A9D2-4BBC-81BD-11ECAE2ECFD2}.AppStore|iPhone.Build.0 = Release|Any CPU
		{98AE3103-A9D2-4BBC-81BD-11ECAE2ECFD2}.AppStore|iPhoneSimulator.ActiveCfg = Release|Any CPU
		{98AE3103-A9D2-4BBC-81BD-11ECAE2ECFD2}.AppStore|iPhoneSimulator.Build.0 = Release|Any CPU
		{98AE3103-A9D2-4BBC-81BD-11ECAE2ECFD2}.AppStore|x64.ActiveCfg = Release|Any CPU
		{98AE3103-A9D2-4BBC-81BD-11ECAE2ECFD2}.AppStore|x64.Build.0 = Release|Any CPU
		{98AE3103-A9D2-4BBC-81BD-11ECAE2ECFD2}.AppStore|x86.ActiveCfg = Release|Any CPU
		{98AE3103-A9D2-4BBC-81BD-11ECAE2ECFD2}.AppStore|x86.Build.0 = Release|Any CPU
		{98AE3103-A9D2-4BBC-81BD-11ECAE2ECFD2}.Debug|Any CPU.ActiveCfg = Debug|Any CPU
		{98AE3103-A9D2-4BBC-81BD-11ECAE2ECFD2}.Debug|Any CPU.Build.0 = Debug|Any CPU
		{98AE3103-A9D2-4BBC-81BD-11ECAE2ECFD2}.Debug|ARM.ActiveCfg = Debug|Any CPU
		{98AE3103-A9D2-4BBC-81BD-11ECAE2ECFD2}.Debug|ARM.Build.0 = Debug|Any CPU
		{98AE3103-A9D2-4BBC-81BD-11ECAE2ECFD2}.Debug|iPhone.ActiveCfg = Debug|Any CPU
		{98AE3103-A9D2-4BBC-81BD-11ECAE2ECFD2}.Debug|iPhone.Build.0 = Debug|Any CPU
		{98AE3103-A9D2-4BBC-81BD-11ECAE2ECFD2}.Debug|iPhoneSimulator.ActiveCfg = Debug|Any CPU
		{98AE3103-A9D2-4BBC-81BD-11ECAE2ECFD2}.Debug|iPhoneSimulator.Build.0 = Debug|Any CPU
		{98AE3103-A9D2-4BBC-81BD-11ECAE2ECFD2}.Debug|x64.ActiveCfg = Debug|Any CPU
		{98AE3103-A9D2-4BBC-81BD-11ECAE2ECFD2}.Debug|x64.Build.0 = Debug|Any CPU
		{98AE3103-A9D2-4BBC-81BD-11ECAE2ECFD2}.Debug|x86.ActiveCfg = Debug|Any CPU
		{98AE3103-A9D2-4BBC-81BD-11ECAE2ECFD2}.Debug|x86.Build.0 = Debug|Any CPU
		{98AE3103-A9D2-4BBC-81BD-11ECAE2ECFD2}.Release|Any CPU.ActiveCfg = Release|Any CPU
		{98AE3103-A9D2-4BBC-81BD-11ECAE2ECFD2}.Release|Any CPU.Build.0 = Release|Any CPU
		{98AE3103-A9D2-4BBC-81BD-11ECAE2ECFD2}.Release|ARM.ActiveCfg = Release|Any CPU
		{98AE3103-A9D2-4BBC-81BD-11ECAE2ECFD2}.Release|ARM.Build.0 = Release|Any CPU
		{98AE3103-A9D2-4BBC-81BD-11ECAE2ECFD2}.Release|iPhone.ActiveCfg = Release|Any CPU
		{98AE3103-A9D2-4BBC-81BD-11ECAE2ECFD2}.Release|iPhone.Build.0 = Release|Any CPU
		{98AE3103-A9D2-4BBC-81BD-11ECAE2ECFD2}.Release|iPhoneSimulator.ActiveCfg = Release|Any CPU
		{98AE3103-A9D2-4BBC-81BD-11ECAE2ECFD2}.Release|iPhoneSimulator.Build.0 = Release|Any CPU
		{98AE3103-A9D2-4BBC-81BD-11ECAE2ECFD2}.Release|x64.ActiveCfg = Release|Any CPU
		{98AE3103-A9D2-4BBC-81BD-11ECAE2ECFD2}.Release|x64.Build.0 = Release|Any CPU
		{98AE3103-A9D2-4BBC-81BD-11ECAE2ECFD2}.Release|x86.ActiveCfg = Release|Any CPU
		{98AE3103-A9D2-4BBC-81BD-11ECAE2ECFD2}.Release|x86.Build.0 = Release|Any CPU
		{73A62649-D527-4B57-AC82-F8519242F781}.Ad-Hoc|Any CPU.ActiveCfg = Release|Any CPU
		{73A62649-D527-4B57-AC82-F8519242F781}.Ad-Hoc|Any CPU.Build.0 = Release|Any CPU
		{73A62649-D527-4B57-AC82-F8519242F781}.Ad-Hoc|ARM.ActiveCfg = Release|Any CPU
		{73A62649-D527-4B57-AC82-F8519242F781}.Ad-Hoc|ARM.Build.0 = Release|Any CPU
		{73A62649-D527-4B57-AC82-F8519242F781}.Ad-Hoc|iPhone.ActiveCfg = Release|Any CPU
		{73A62649-D527-4B57-AC82-F8519242F781}.Ad-Hoc|iPhone.Build.0 = Release|Any CPU
		{73A62649-D527-4B57-AC82-F8519242F781}.Ad-Hoc|iPhoneSimulator.ActiveCfg = Release|Any CPU
		{73A62649-D527-4B57-AC82-F8519242F781}.Ad-Hoc|iPhoneSimulator.Build.0 = Release|Any CPU
		{73A62649-D527-4B57-AC82-F8519242F781}.Ad-Hoc|x64.ActiveCfg = Release|Any CPU
		{73A62649-D527-4B57-AC82-F8519242F781}.Ad-Hoc|x64.Build.0 = Release|Any CPU
		{73A62649-D527-4B57-AC82-F8519242F781}.Ad-Hoc|x86.ActiveCfg = Release|Any CPU
		{73A62649-D527-4B57-AC82-F8519242F781}.Ad-Hoc|x86.Build.0 = Release|Any CPU
		{73A62649-D527-4B57-AC82-F8519242F781}.AppStore|Any CPU.ActiveCfg = Release|Any CPU
		{73A62649-D527-4B57-AC82-F8519242F781}.AppStore|Any CPU.Build.0 = Release|Any CPU
		{73A62649-D527-4B57-AC82-F8519242F781}.AppStore|ARM.ActiveCfg = Release|Any CPU
		{73A62649-D527-4B57-AC82-F8519242F781}.AppStore|ARM.Build.0 = Release|Any CPU
		{73A62649-D527-4B57-AC82-F8519242F781}.AppStore|iPhone.ActiveCfg = Release|Any CPU
		{73A62649-D527-4B57-AC82-F8519242F781}.AppStore|iPhone.Build.0 = Release|Any CPU
		{73A62649-D527-4B57-AC82-F8519242F781}.AppStore|iPhoneSimulator.ActiveCfg = Release|Any CPU
		{73A62649-D527-4B57-AC82-F8519242F781}.AppStore|iPhoneSimulator.Build.0 = Release|Any CPU
		{73A62649-D527-4B57-AC82-F8519242F781}.AppStore|x64.ActiveCfg = Release|Any CPU
		{73A62649-D527-4B57-AC82-F8519242F781}.AppStore|x64.Build.0 = Release|Any CPU
		{73A62649-D527-4B57-AC82-F8519242F781}.AppStore|x86.ActiveCfg = Release|Any CPU
		{73A62649-D527-4B57-AC82-F8519242F781}.AppStore|x86.Build.0 = Release|Any CPU
		{73A62649-D527-4B57-AC82-F8519242F781}.Debug|Any CPU.ActiveCfg = Debug|Any CPU
		{73A62649-D527-4B57-AC82-F8519242F781}.Debug|Any CPU.Build.0 = Debug|Any CPU
		{73A62649-D527-4B57-AC82-F8519242F781}.Debug|ARM.ActiveCfg = Debug|Any CPU
		{73A62649-D527-4B57-AC82-F8519242F781}.Debug|ARM.Build.0 = Debug|Any CPU
		{73A62649-D527-4B57-AC82-F8519242F781}.Debug|iPhone.ActiveCfg = Debug|Any CPU
		{73A62649-D527-4B57-AC82-F8519242F781}.Debug|iPhone.Build.0 = Debug|Any CPU
		{73A62649-D527-4B57-AC82-F8519242F781}.Debug|iPhoneSimulator.ActiveCfg = Debug|Any CPU
		{73A62649-D527-4B57-AC82-F8519242F781}.Debug|iPhoneSimulator.Build.0 = Debug|Any CPU
		{73A62649-D527-4B57-AC82-F8519242F781}.Debug|x64.ActiveCfg = Debug|Any CPU
		{73A62649-D527-4B57-AC82-F8519242F781}.Debug|x64.Build.0 = Debug|Any CPU
		{73A62649-D527-4B57-AC82-F8519242F781}.Debug|x86.ActiveCfg = Debug|Any CPU
		{73A62649-D527-4B57-AC82-F8519242F781}.Debug|x86.Build.0 = Debug|Any CPU
		{73A62649-D527-4B57-AC82-F8519242F781}.Release|Any CPU.ActiveCfg = Release|Any CPU
		{73A62649-D527-4B57-AC82-F8519242F781}.Release|Any CPU.Build.0 = Release|Any CPU
		{73A62649-D527-4B57-AC82-F8519242F781}.Release|ARM.ActiveCfg = Release|Any CPU
		{73A62649-D527-4B57-AC82-F8519242F781}.Release|ARM.Build.0 = Release|Any CPU
		{73A62649-D527-4B57-AC82-F8519242F781}.Release|iPhone.ActiveCfg = Release|Any CPU
		{73A62649-D527-4B57-AC82-F8519242F781}.Release|iPhone.Build.0 = Release|Any CPU
		{73A62649-D527-4B57-AC82-F8519242F781}.Release|iPhoneSimulator.ActiveCfg = Release|Any CPU
		{73A62649-D527-4B57-AC82-F8519242F781}.Release|iPhoneSimulator.Build.0 = Release|Any CPU
		{73A62649-D527-4B57-AC82-F8519242F781}.Release|x64.ActiveCfg = Release|Any CPU
		{73A62649-D527-4B57-AC82-F8519242F781}.Release|x64.Build.0 = Release|Any CPU
		{73A62649-D527-4B57-AC82-F8519242F781}.Release|x86.ActiveCfg = Release|Any CPU
		{73A62649-D527-4B57-AC82-F8519242F781}.Release|x86.Build.0 = Release|Any CPU
		{10EF5640-6D15-4A68-B9D8-80BAEB319818}.Ad-Hoc|Any CPU.ActiveCfg = Release|Any CPU
		{10EF5640-6D15-4A68-B9D8-80BAEB319818}.Ad-Hoc|Any CPU.Build.0 = Release|Any CPU
		{10EF5640-6D15-4A68-B9D8-80BAEB319818}.Ad-Hoc|ARM.ActiveCfg = Release|Any CPU
		{10EF5640-6D15-4A68-B9D8-80BAEB319818}.Ad-Hoc|ARM.Build.0 = Release|Any CPU
		{10EF5640-6D15-4A68-B9D8-80BAEB319818}.Ad-Hoc|iPhone.ActiveCfg = Release|Any CPU
		{10EF5640-6D15-4A68-B9D8-80BAEB319818}.Ad-Hoc|iPhone.Build.0 = Release|Any CPU
		{10EF5640-6D15-4A68-B9D8-80BAEB319818}.Ad-Hoc|iPhoneSimulator.ActiveCfg = Release|Any CPU
		{10EF5640-6D15-4A68-B9D8-80BAEB319818}.Ad-Hoc|iPhoneSimulator.Build.0 = Release|Any CPU
		{10EF5640-6D15-4A68-B9D8-80BAEB319818}.Ad-Hoc|x64.ActiveCfg = Release|Any CPU
		{10EF5640-6D15-4A68-B9D8-80BAEB319818}.Ad-Hoc|x64.Build.0 = Release|Any CPU
		{10EF5640-6D15-4A68-B9D8-80BAEB319818}.Ad-Hoc|x86.ActiveCfg = Release|Any CPU
		{10EF5640-6D15-4A68-B9D8-80BAEB319818}.Ad-Hoc|x86.Build.0 = Release|Any CPU
		{10EF5640-6D15-4A68-B9D8-80BAEB319818}.AppStore|Any CPU.ActiveCfg = Release|Any CPU
		{10EF5640-6D15-4A68-B9D8-80BAEB319818}.AppStore|Any CPU.Build.0 = Release|Any CPU
		{10EF5640-6D15-4A68-B9D8-80BAEB319818}.AppStore|ARM.ActiveCfg = Release|Any CPU
		{10EF5640-6D15-4A68-B9D8-80BAEB319818}.AppStore|ARM.Build.0 = Release|Any CPU
		{10EF5640-6D15-4A68-B9D8-80BAEB319818}.AppStore|iPhone.ActiveCfg = Release|Any CPU
		{10EF5640-6D15-4A68-B9D8-80BAEB319818}.AppStore|iPhone.Build.0 = Release|Any CPU
		{10EF5640-6D15-4A68-B9D8-80BAEB319818}.AppStore|iPhoneSimulator.ActiveCfg = Release|Any CPU
		{10EF5640-6D15-4A68-B9D8-80BAEB319818}.AppStore|iPhoneSimulator.Build.0 = Release|Any CPU
		{10EF5640-6D15-4A68-B9D8-80BAEB319818}.AppStore|x64.ActiveCfg = Release|Any CPU
		{10EF5640-6D15-4A68-B9D8-80BAEB319818}.AppStore|x64.Build.0 = Release|Any CPU
		{10EF5640-6D15-4A68-B9D8-80BAEB319818}.AppStore|x86.ActiveCfg = Release|Any CPU
		{10EF5640-6D15-4A68-B9D8-80BAEB319818}.AppStore|x86.Build.0 = Release|Any CPU
		{10EF5640-6D15-4A68-B9D8-80BAEB319818}.Debug|Any CPU.ActiveCfg = Debug|Any CPU
		{10EF5640-6D15-4A68-B9D8-80BAEB319818}.Debug|Any CPU.Build.0 = Debug|Any CPU
		{10EF5640-6D15-4A68-B9D8-80BAEB319818}.Debug|ARM.ActiveCfg = Debug|Any CPU
		{10EF5640-6D15-4A68-B9D8-80BAEB319818}.Debug|ARM.Build.0 = Debug|Any CPU
		{10EF5640-6D15-4A68-B9D8-80BAEB319818}.Debug|iPhone.ActiveCfg = Debug|Any CPU
		{10EF5640-6D15-4A68-B9D8-80BAEB319818}.Debug|iPhone.Build.0 = Debug|Any CPU
		{10EF5640-6D15-4A68-B9D8-80BAEB319818}.Debug|iPhoneSimulator.ActiveCfg = Debug|Any CPU
		{10EF5640-6D15-4A68-B9D8-80BAEB319818}.Debug|iPhoneSimulator.Build.0 = Debug|Any CPU
		{10EF5640-6D15-4A68-B9D8-80BAEB319818}.Debug|x64.ActiveCfg = Debug|Any CPU
		{10EF5640-6D15-4A68-B9D8-80BAEB319818}.Debug|x64.Build.0 = Debug|Any CPU
		{10EF5640-6D15-4A68-B9D8-80BAEB319818}.Debug|x86.ActiveCfg = Debug|Any CPU
		{10EF5640-6D15-4A68-B9D8-80BAEB319818}.Debug|x86.Build.0 = Debug|Any CPU
		{10EF5640-6D15-4A68-B9D8-80BAEB319818}.Release|Any CPU.ActiveCfg = Release|Any CPU
		{10EF5640-6D15-4A68-B9D8-80BAEB319818}.Release|Any CPU.Build.0 = Release|Any CPU
		{10EF5640-6D15-4A68-B9D8-80BAEB319818}.Release|ARM.ActiveCfg = Release|Any CPU
		{10EF5640-6D15-4A68-B9D8-80BAEB319818}.Release|ARM.Build.0 = Release|Any CPU
		{10EF5640-6D15-4A68-B9D8-80BAEB319818}.Release|iPhone.ActiveCfg = Release|Any CPU
		{10EF5640-6D15-4A68-B9D8-80BAEB319818}.Release|iPhone.Build.0 = Release|Any CPU
		{10EF5640-6D15-4A68-B9D8-80BAEB319818}.Release|iPhoneSimulator.ActiveCfg = Release|Any CPU
		{10EF5640-6D15-4A68-B9D8-80BAEB319818}.Release|iPhoneSimulator.Build.0 = Release|Any CPU
		{10EF5640-6D15-4A68-B9D8-80BAEB319818}.Release|x64.ActiveCfg = Release|Any CPU
		{10EF5640-6D15-4A68-B9D8-80BAEB319818}.Release|x64.Build.0 = Release|Any CPU
		{10EF5640-6D15-4A68-B9D8-80BAEB319818}.Release|x86.ActiveCfg = Release|Any CPU
		{10EF5640-6D15-4A68-B9D8-80BAEB319818}.Release|x86.Build.0 = Release|Any CPU
	EndGlobalSection
	GlobalSection(SolutionProperties) = preSolution
		HideSolutionNode = FALSE
	EndGlobalSection
	GlobalSection(ExtensibilityGlobals) = postSolution
		SolutionGuid = {4D7CD839-7A73-49F6-A560-79FB7DB235CD}
	EndGlobalSection
EndGlobal
